
Microsoft Visual Studio Solution File, Format Version 12.00
# Visual Studio Version 17
VisualStudioVersion = 17.4.33213.308
MinimumVisualStudioVersion = 10.0.40219.1
Project("{9A19103F-16F7-4668-BE54-9A1E7A4F7556}") = "AWS.Messaging", "src\AWS.Messaging\AWS.Messaging.csproj", "{CD480303-CA3D-4A2F-AD9A-0E56C43FFCF0}"
EndProject
Project("{2150E333-8FDC-42A3-9474-1A3956D46DE8}") = "src", "src", "{2D0A561B-0B97-4259-8603-3AF5437BB652}"
EndProject
Project("{2150E333-8FDC-42A3-9474-1A3956D46DE8}") = "test", "test", "{80DB2C77-6ADD-4A60-B27D-763BDF9659D3}"
EndProject
Project("{9A19103F-16F7-4668-BE54-9A1E7A4F7556}") = "AWS.Messaging.UnitTests", "test\AWS.Messaging.UnitTests\AWS.Messaging.UnitTests.csproj", "{BC3F831E-1BF0-4A94-87F4-8CA3F1E2D86C}"
EndProject
Project("{2150E333-8FDC-42A3-9474-1A3956D46DE8}") = "Solution Items", "Solution Items", "{7AAF4F1E-1BAC-454C-82BF-D9E7806C5EF0}"
	ProjectSection(SolutionItems) = preProject
		.editorconfig = .editorconfig
		README.md = README.md
	EndProjectSection
EndProject
Project("{9A19103F-16F7-4668-BE54-9A1E7A4F7556}") = "AWS.Messaging.IntegrationTests", "test\AWS.Messaging.IntegrationTests\AWS.Messaging.IntegrationTests.csproj", "{A4D5F664-E3A3-411A-9327-05913794021C}"
EndProject
Project("{2150E333-8FDC-42A3-9474-1A3956D46DE8}") = "sampleapps", "sampleapps", "{1AA8985B-897C-4BD5-9735-FD8B33FEBFFB}"
EndProject
Project("{9A19103F-16F7-4668-BE54-9A1E7A4F7556}") = "PublisherAPI", "sampleapps\PublisherAPI\PublisherAPI.csproj", "{A7F3DA5F-0D7A-4D8A-837D-F78F4A4E3CA7}"
EndProject
Project("{9A19103F-16F7-4668-BE54-9A1E7A4F7556}") = "SubscriberService", "sampleapps\SubscriberService\SubscriberService.csproj", "{D398D75B-80F3-4D4F-AFC7-15CD61DD22C3}"
EndProject
Project("{9A19103F-16F7-4668-BE54-9A1E7A4F7556}") = "AWS.Messaging.Tests.Common", "test\AWS.Messaging.Tests.Common\AWS.Messaging.Tests.Common.csproj", "{A174942B-AF9C-4935-AD7B-AF651BACE63C}"
EndProject
Project("{9A19103F-16F7-4668-BE54-9A1E7A4F7556}") = "AWS.Messaging.Lambda", "src\AWS.Messaging.Lambda\AWS.Messaging.Lambda.csproj", "{24FA3671-8C2B-4B64-865C-68FB6237E34D}"
EndProject
Project("{9A19103F-16F7-4668-BE54-9A1E7A4F7556}") = "LambdaMessaging", "sampleapps\LambdaMessaging\LambdaMessaging.csproj", "{F74A4CF0-D814-426E-8149-46758E86AFE3}"
EndProject
Project("{9A19103F-16F7-4668-BE54-9A1E7A4F7556}") = "AWS.Messaging.Telemetry.OpenTelemetry", "src\AWS.Messaging.Telemetry.OpenTelemetry\AWS.Messaging.Telemetry.OpenTelemetry.csproj", "{C529DC6E-72DA-49ED-908A-21DBC40F26C0}"
EndProject
Project("{9A19103F-16F7-4668-BE54-9A1E7A4F7556}") = "AWS.Messaging.Tests.LambdaFunctions", "test\AWS.Messaging.Tests.LambdaFunctions\AWS.Messaging.Tests.LambdaFunctions.csproj", "{F7A1B9DE-86DE-4F70-A2CD-628E56FE5BAD}"
EndProject
Project("{9A19103F-16F7-4668-BE54-9A1E7A4F7556}") = "AWS.Messaging.Benchmarks", "test\AWS.Messaging.Benchmarks\AWS.Messaging.Benchmarks.csproj", "{143DC3E0-A1C6-4670-86F4-E7CD4C8F52CB}"
EndProject
Project("{FAE04EC0-301F-11D3-BF4B-00C04F79EFBC}") = "PollyIntegration", "sampleapps\PollyIntegration\PollyIntegration.csproj", "{86896246-B032-4D34-82BE-CD5ACB6E43F9}"
EndProject
Project("{FAE04EC0-301F-11D3-BF4B-00C04F79EFBC}") = "AppHost", "sampleapps\AppHost\AppHost.csproj", "{C028BF43-16C6-42FB-B422-5AD4F15B492C}"
EndProject
Project("{FAE04EC0-301F-11D3-BF4B-00C04F79EFBC}") = "InvokeLambda", "sampleapps\InvokeLambda\src\InvokeLambda\InvokeLambda.csproj", "{C70E7861-61F8-4DD9-82A4-2AEBEFCB1FD0}"
EndProject
Global
	GlobalSection(SolutionConfigurationPlatforms) = preSolution
		Debug|Any CPU = Debug|Any CPU
		Release|Any CPU = Release|Any CPU
	EndGlobalSection
	GlobalSection(ProjectConfigurationPlatforms) = postSolution
		{CD480303-CA3D-4A2F-AD9A-0E56C43FFCF0}.Debug|Any CPU.ActiveCfg = Debug|Any CPU
		{CD480303-CA3D-4A2F-AD9A-0E56C43FFCF0}.Debug|Any CPU.Build.0 = Debug|Any CPU
		{CD480303-CA3D-4A2F-AD9A-0E56C43FFCF0}.Release|Any CPU.ActiveCfg = Release|Any CPU
		{CD480303-CA3D-4A2F-AD9A-0E56C43FFCF0}.Release|Any CPU.Build.0 = Release|Any CPU
		{BC3F831E-1BF0-4A94-87F4-8CA3F1E2D86C}.Debug|Any CPU.ActiveCfg = Debug|Any CPU
		{BC3F831E-1BF0-4A94-87F4-8CA3F1E2D86C}.Debug|Any CPU.Build.0 = Debug|Any CPU
		{BC3F831E-1BF0-4A94-87F4-8CA3F1E2D86C}.Release|Any CPU.ActiveCfg = Release|Any CPU
		{BC3F831E-1BF0-4A94-87F4-8CA3F1E2D86C}.Release|Any CPU.Build.0 = Release|Any CPU
		{A4D5F664-E3A3-411A-9327-05913794021C}.Debug|Any CPU.ActiveCfg = Debug|Any CPU
		{A4D5F664-E3A3-411A-9327-05913794021C}.Debug|Any CPU.Build.0 = Debug|Any CPU
		{A4D5F664-E3A3-411A-9327-05913794021C}.Release|Any CPU.ActiveCfg = Release|Any CPU
		{A4D5F664-E3A3-411A-9327-05913794021C}.Release|Any CPU.Build.0 = Release|Any CPU
		{A7F3DA5F-0D7A-4D8A-837D-F78F4A4E3CA7}.Debug|Any CPU.ActiveCfg = Debug|Any CPU
		{A7F3DA5F-0D7A-4D8A-837D-F78F4A4E3CA7}.Debug|Any CPU.Build.0 = Debug|Any CPU
		{A7F3DA5F-0D7A-4D8A-837D-F78F4A4E3CA7}.Release|Any CPU.ActiveCfg = Release|Any CPU
		{A7F3DA5F-0D7A-4D8A-837D-F78F4A4E3CA7}.Release|Any CPU.Build.0 = Release|Any CPU
		{D398D75B-80F3-4D4F-AFC7-15CD61DD22C3}.Debug|Any CPU.ActiveCfg = Debug|Any CPU
		{D398D75B-80F3-4D4F-AFC7-15CD61DD22C3}.Debug|Any CPU.Build.0 = Debug|Any CPU
		{D398D75B-80F3-4D4F-AFC7-15CD61DD22C3}.Release|Any CPU.ActiveCfg = Release|Any CPU
		{D398D75B-80F3-4D4F-AFC7-15CD61DD22C3}.Release|Any CPU.Build.0 = Release|Any CPU
		{A174942B-AF9C-4935-AD7B-AF651BACE63C}.Debug|Any CPU.ActiveCfg = Debug|Any CPU
		{A174942B-AF9C-4935-AD7B-AF651BACE63C}.Debug|Any CPU.Build.0 = Debug|Any CPU
		{A174942B-AF9C-4935-AD7B-AF651BACE63C}.Release|Any CPU.ActiveCfg = Release|Any CPU
		{A174942B-AF9C-4935-AD7B-AF651BACE63C}.Release|Any CPU.Build.0 = Release|Any CPU
		{24FA3671-8C2B-4B64-865C-68FB6237E34D}.Debug|Any CPU.ActiveCfg = Debug|Any CPU
		{24FA3671-8C2B-4B64-865C-68FB6237E34D}.Debug|Any CPU.Build.0 = Debug|Any CPU
		{24FA3671-8C2B-4B64-865C-68FB6237E34D}.Release|Any CPU.ActiveCfg = Release|Any CPU
		{24FA3671-8C2B-4B64-865C-68FB6237E34D}.Release|Any CPU.Build.0 = Release|Any CPU
		{F74A4CF0-D814-426E-8149-46758E86AFE3}.Debug|Any CPU.ActiveCfg = Debug|Any CPU
		{F74A4CF0-D814-426E-8149-46758E86AFE3}.Debug|Any CPU.Build.0 = Debug|Any CPU
		{F74A4CF0-D814-426E-8149-46758E86AFE3}.Release|Any CPU.ActiveCfg = Release|Any CPU
		{F74A4CF0-D814-426E-8149-46758E86AFE3}.Release|Any CPU.Build.0 = Release|Any CPU
		{C529DC6E-72DA-49ED-908A-21DBC40F26C0}.Debug|Any CPU.ActiveCfg = Debug|Any CPU
		{C529DC6E-72DA-49ED-908A-21DBC40F26C0}.Debug|Any CPU.Build.0 = Debug|Any CPU
		{C529DC6E-72DA-49ED-908A-21DBC40F26C0}.Release|Any CPU.ActiveCfg = Release|Any CPU
		{C529DC6E-72DA-49ED-908A-21DBC40F26C0}.Release|Any CPU.Build.0 = Release|Any CPU
		{F7A1B9DE-86DE-4F70-A2CD-628E56FE5BAD}.Debug|Any CPU.ActiveCfg = Debug|Any CPU
		{F7A1B9DE-86DE-4F70-A2CD-628E56FE5BAD}.Debug|Any CPU.Build.0 = Debug|Any CPU
		{F7A1B9DE-86DE-4F70-A2CD-628E56FE5BAD}.Release|Any CPU.ActiveCfg = Release|Any CPU
		{F7A1B9DE-86DE-4F70-A2CD-628E56FE5BAD}.Release|Any CPU.Build.0 = Release|Any CPU
		{143DC3E0-A1C6-4670-86F4-E7CD4C8F52CB}.Debug|Any CPU.ActiveCfg = Debug|Any CPU
		{143DC3E0-A1C6-4670-86F4-E7CD4C8F52CB}.Debug|Any CPU.Build.0 = Debug|Any CPU
		{143DC3E0-A1C6-4670-86F4-E7CD4C8F52CB}.Release|Any CPU.ActiveCfg = Release|Any CPU
		{143DC3E0-A1C6-4670-86F4-E7CD4C8F52CB}.Release|Any CPU.Build.0 = Release|Any CPU
		{86896246-B032-4D34-82BE-CD5ACB6E43F9}.Debug|Any CPU.ActiveCfg = Debug|Any CPU
		{86896246-B032-4D34-82BE-CD5ACB6E43F9}.Debug|Any CPU.Build.0 = Debug|Any CPU
		{86896246-B032-4D34-82BE-CD5ACB6E43F9}.Release|Any CPU.ActiveCfg = Release|Any CPU
		{86896246-B032-4D34-82BE-CD5ACB6E43F9}.Release|Any CPU.Build.0 = Release|Any CPU
		{C028BF43-16C6-42FB-B422-5AD4F15B492C}.Debug|Any CPU.ActiveCfg = Debug|Any CPU
		{C028BF43-16C6-42FB-B422-5AD4F15B492C}.Debug|Any CPU.Build.0 = Debug|Any CPU
		{C028BF43-16C6-42FB-B422-5AD4F15B492C}.Release|Any CPU.ActiveCfg = Release|Any CPU
		{C028BF43-16C6-42FB-B422-5AD4F15B492C}.Release|Any CPU.Build.0 = Release|Any CPU
		{C70E7861-61F8-4DD9-82A4-2AEBEFCB1FD0}.Debug|Any CPU.ActiveCfg = Debug|Any CPU
		{C70E7861-61F8-4DD9-82A4-2AEBEFCB1FD0}.Debug|Any CPU.Build.0 = Debug|Any CPU
		{C70E7861-61F8-4DD9-82A4-2AEBEFCB1FD0}.Release|Any CPU.ActiveCfg = Release|Any CPU
		{C70E7861-61F8-4DD9-82A4-2AEBEFCB1FD0}.Release|Any CPU.Build.0 = Release|Any CPU
	EndGlobalSection
	GlobalSection(SolutionProperties) = preSolution
		HideSolutionNode = FALSE
	EndGlobalSection
	GlobalSection(NestedProjects) = preSolution
		{CD480303-CA3D-4A2F-AD9A-0E56C43FFCF0} = {2D0A561B-0B97-4259-8603-3AF5437BB652}
		{BC3F831E-1BF0-4A94-87F4-8CA3F1E2D86C} = {80DB2C77-6ADD-4A60-B27D-763BDF9659D3}
		{A4D5F664-E3A3-411A-9327-05913794021C} = {80DB2C77-6ADD-4A60-B27D-763BDF9659D3}
		{A7F3DA5F-0D7A-4D8A-837D-F78F4A4E3CA7} = {1AA8985B-897C-4BD5-9735-FD8B33FEBFFB}
		{D398D75B-80F3-4D4F-AFC7-15CD61DD22C3} = {1AA8985B-897C-4BD5-9735-FD8B33FEBFFB}
		{A174942B-AF9C-4935-AD7B-AF651BACE63C} = {80DB2C77-6ADD-4A60-B27D-763BDF9659D3}
		{24FA3671-8C2B-4B64-865C-68FB6237E34D} = {2D0A561B-0B97-4259-8603-3AF5437BB652}
		{F74A4CF0-D814-426E-8149-46758E86AFE3} = {1AA8985B-897C-4BD5-9735-FD8B33FEBFFB}
		{C529DC6E-72DA-49ED-908A-21DBC40F26C0} = {2D0A561B-0B97-4259-8603-3AF5437BB652}
		{F7A1B9DE-86DE-4F70-A2CD-628E56FE5BAD} = {80DB2C77-6ADD-4A60-B27D-763BDF9659D3}
		{143DC3E0-A1C6-4670-86F4-E7CD4C8F52CB} = {80DB2C77-6ADD-4A60-B27D-763BDF9659D3}
		{86896246-B032-4D34-82BE-CD5ACB6E43F9} = {1AA8985B-897C-4BD5-9735-FD8B33FEBFFB}
		{C028BF43-16C6-42FB-B422-5AD4F15B492C} = {1AA8985B-897C-4BD5-9735-FD8B33FEBFFB}
		{C70E7861-61F8-4DD9-82A4-2AEBEFCB1FD0} = {1AA8985B-897C-4BD5-9735-FD8B33FEBFFB}
	EndGlobalSection
	GlobalSection(ExtensibilityGlobals) = postSolution
		SolutionGuid = {7B2B759D-6455-4089-8173-3F1619567B36}
	EndGlobalSection
EndGlobal
