
Microsoft Visual Studio Solution File, Format Version 12.00
# Visual Studio Version 17
VisualStudioVersion = 17.4.33213.308
MinimumVisualStudioVersion = 10.0.40219.1
Project("{9A19103F-16F7-4668-BE54-9A1E7A4F7556}") = "AWS.Messaging", "src\AWS.Messaging\AWS.Messaging.csproj", "{CD480303-CA3D-4A2F-AD9A-0E56C43FFCF0}"
EndProject
Project("{2150E333-8FDC-42A3-9474-1A3956D46DE8}") = "src", "src", "{2D0A561B-0B97-4259-8603-3AF5437BB652}"
EndProject
Project("{2150E333-8FDC-42A3-9474-1A3956D46DE8}") = "test", "test", "{80DB2C77-6ADD-4A60-B27D-763BDF9659D3}"
EndProject
Project("{9A19103F-16F7-4668-BE54-9A1E7A4F7556}") = "AWS.Messaging.UnitTests", "test\AWS.Messaging.UnitTests\AWS.Messaging.UnitTests.csproj", "{BC3F831E-1BF0-4A94-87F4-8CA3F1E2D86C}"
EndProject
Project("{2150E333-8FDC-42A3-9474-1A3956D46DE8}") = "Solution Items", "Solution Items", "{7AAF4F1E-1BAC-454C-82BF-D9E7806C5EF0}"
	ProjectSection(SolutionItems) = preProject
		.editorconfig = .editorconfig
		README.md = README.md
	EndProjectSection
EndProject
Project("{9A19103F-16F7-4668-BE54-9A1E7A4F7556}") = "AWS.Messaging.IntegrationTests", "test\AWS.Messaging.IntegrationTests\AWS.Messaging.IntegrationTests.csproj", "{A4D5F664-E3A3-411A-9327-05913794021C}"
EndProject
Project("{2150E333-8FDC-42A3-9474-1A3956D46DE8}") = "sampleapps", "sampleapps", "{1AA8985B-897C-4BD5-9735-FD8B33FEBFFB}"
EndProject
Project("{9A19103F-16F7-4668-BE54-9A1E7A4F7556}") = "PublisherAPI", "sampleapps\PublisherAPI\PublisherAPI.csproj", "{A7F3DA5F-0D7A-4D8A-837D-F78F4A4E3CA7}"
EndProject
Project("{9A19103F-16F7-4668-BE54-9A1E7A4F7556}") = "SubscriberService", "sampleapps\SubscriberService\SubscriberService.csproj", "{D398D75B-80F3-4D4F-AFC7-15CD61DD22C3}"
EndProject
Project("{9A19103F-16F7-4668-BE54-9A1E7A4F7556}") = "AWS.Messaging.Telemetry.XRay", "src\AWS.Messaging.Telemetry.XRay\AWS.Messaging.Telemetry.XRay.csproj", "{BEFAA674-EFE1-4474-A62C-661C95E823CE}"
EndProject
Project("{FAE04EC0-301F-11D3-BF4B-00C04F79EFBC}") = "AWS.Messaging.Telemetry.OpenTelemetry", "src\AWS.Messaging.Telemetry.OpenTelemetry\AWS.Messaging.Telemetry.OpenTelemetry.csproj", "{38BDD70B-4FCB-4576-8EA9-4C1263C91DFF}"
EndProject
Global
	GlobalSection(SolutionConfigurationPlatforms) = preSolution
		Debug|Any CPU = Debug|Any CPU
		Release|Any CPU = Release|Any CPU
	EndGlobalSection
	GlobalSection(ProjectConfigurationPlatforms) = postSolution
		{CD480303-CA3D-4A2F-AD9A-0E56C43FFCF0}.Debug|Any CPU.ActiveCfg = Debug|Any CPU
		{CD480303-CA3D-4A2F-AD9A-0E56C43FFCF0}.Debug|Any CPU.Build.0 = Debug|Any CPU
		{CD480303-CA3D-4A2F-AD9A-0E56C43FFCF0}.Release|Any CPU.ActiveCfg = Release|Any CPU
		{CD480303-CA3D-4A2F-AD9A-0E56C43FFCF0}.Release|Any CPU.Build.0 = Release|Any CPU
		{BC3F831E-1BF0-4A94-87F4-8CA3F1E2D86C}.Debug|Any CPU.ActiveCfg = Debug|Any CPU
		{BC3F831E-1BF0-4A94-87F4-8CA3F1E2D86C}.Debug|Any CPU.Build.0 = Debug|Any CPU
		{BC3F831E-1BF0-4A94-87F4-8CA3F1E2D86C}.Release|Any CPU.ActiveCfg = Release|Any CPU
		{BC3F831E-1BF0-4A94-87F4-8CA3F1E2D86C}.Release|Any CPU.Build.0 = Release|Any CPU
		{A4D5F664-E3A3-411A-9327-05913794021C}.Debug|Any CPU.ActiveCfg = Debug|Any CPU
		{A4D5F664-E3A3-411A-9327-05913794021C}.Debug|Any CPU.Build.0 = Debug|Any CPU
		{A4D5F664-E3A3-411A-9327-05913794021C}.Release|Any CPU.ActiveCfg = Release|Any CPU
		{A4D5F664-E3A3-411A-9327-05913794021C}.Release|Any CPU.Build.0 = Release|Any CPU
		{A7F3DA5F-0D7A-4D8A-837D-F78F4A4E3CA7}.Debug|Any CPU.ActiveCfg = Debug|Any CPU
		{A7F3DA5F-0D7A-4D8A-837D-F78F4A4E3CA7}.Debug|Any CPU.Build.0 = Debug|Any CPU
		{A7F3DA5F-0D7A-4D8A-837D-F78F4A4E3CA7}.Release|Any CPU.ActiveCfg = Release|Any CPU
		{A7F3DA5F-0D7A-4D8A-837D-F78F4A4E3CA7}.Release|Any CPU.Build.0 = Release|Any CPU
		{D398D75B-80F3-4D4F-AFC7-15CD61DD22C3}.Debug|Any CPU.ActiveCfg = Debug|Any CPU
		{D398D75B-80F3-4D4F-AFC7-15CD61DD22C3}.Debug|Any CPU.Build.0 = Debug|Any CPU
		{D398D75B-80F3-4D4F-AFC7-15CD61DD22C3}.Release|Any CPU.ActiveCfg = Release|Any CPU
		{D398D75B-80F3-4D4F-AFC7-15CD61DD22C3}.Release|Any CPU.Build.0 = Release|Any CPU
		{BEFAA674-EFE1-4474-A62C-661C95E823CE}.Debug|Any CPU.ActiveCfg = Debug|Any CPU
		{BEFAA674-EFE1-4474-A62C-661C95E823CE}.Debug|Any CPU.Build.0 = Debug|Any CPU
		{BEFAA674-EFE1-4474-A62C-661C95E823CE}.Release|Any CPU.ActiveCfg = Release|Any CPU
		{BEFAA674-EFE1-4474-A62C-661C95E823CE}.Release|Any CPU.Build.0 = Release|Any CPU
		{38BDD70B-4FCB-4576-8EA9-4C1263C91DFF}.Debug|Any CPU.ActiveCfg = Debug|Any CPU
		{38BDD70B-4FCB-4576-8EA9-4C1263C91DFF}.Debug|Any CPU.Build.0 = Debug|Any CPU
		{38BDD70B-4FCB-4576-8EA9-4C1263C91DFF}.Release|Any CPU.ActiveCfg = Release|Any CPU
		{38BDD70B-4FCB-4576-8EA9-4C1263C91DFF}.Release|Any CPU.Build.0 = Release|Any CPU
	EndGlobalSection
	GlobalSection(SolutionProperties) = preSolution
		HideSolutionNode = FALSE
	EndGlobalSection
	GlobalSection(NestedProjects) = preSolution
		{CD480303-CA3D-4A2F-AD9A-0E56C43FFCF0} = {2D0A561B-0B97-4259-8603-3AF5437BB652}
		{BC3F831E-1BF0-4A94-87F4-8CA3F1E2D86C} = {80DB2C77-6ADD-4A60-B27D-763BDF9659D3}
		{A4D5F664-E3A3-411A-9327-05913794021C} = {80DB2C77-6ADD-4A60-B27D-763BDF9659D3}
		{A7F3DA5F-0D7A-4D8A-837D-F78F4A4E3CA7} = {1AA8985B-897C-4BD5-9735-FD8B33FEBFFB}
		{D398D75B-80F3-4D4F-AFC7-15CD61DD22C3} = {1AA8985B-897C-4BD5-9735-FD8B33FEBFFB}
		{BEFAA674-EFE1-4474-A62C-661C95E823CE} = {2D0A561B-0B97-4259-8603-3AF5437BB652}
		{38BDD70B-4FCB-4576-8EA9-4C1263C91DFF} = {2D0A561B-0B97-4259-8603-3AF5437BB652}
	EndGlobalSection
	GlobalSection(ExtensibilityGlobals) = postSolution
		SolutionGuid = {7B2B759D-6455-4089-8173-3F1619567B36}
	EndGlobalSection
EndGlobal
